
Microsoft Visual Studio Solution File, Format Version 12.00
# Visual Studio Version 17
VisualStudioVersion = 17.2.32516.85
MinimumVisualStudioVersion = 10.0.40219.1
Project("{FAE04EC0-301F-11D3-BF4B-00C04F79EFBC}") = "WordleGame", "WordleGame\WordleGame.csproj", "{D08BCED1-DE09-400D-BB96-E9DB4B664B2E}"
EndProject
Global
	GlobalSection(SolutionConfigurationPlatforms) = preSolution
		Debug|Any CPU = Debug|Any CPU
		Release|Any CPU = Release|Any CPU
	EndGlobalSection
	GlobalSection(ProjectConfigurationPlatforms) = postSolution
		{D08BCED1-DE09-400D-BB96-E9DB4B664B2E}.Debug|Any CPU.ActiveCfg = Debug|Any CPU
		{D08BCED1-DE09-400D-BB96-E9DB4B664B2E}.Debug|Any CPU.Build.0 = Debug|Any CPU
		{D08BCED1-DE09-400D-BB96-E9DB4B664B2E}.Release|Any CPU.ActiveCfg = Release|Any CPU
		{D08BCED1-DE09-400D-BB96-E9DB4B664B2E}.Release|Any CPU.Build.0 = Release|Any CPU
	EndGlobalSection
	GlobalSection(SolutionProperties) = preSolution
		HideSolutionNode = FALSE
	EndGlobalSection
	GlobalSection(ExtensibilityGlobals) = postSolution
		SolutionGuid = {3C059662-3333-47F8-B1DF-9BBD0943C657}
	EndGlobalSection
EndGlobal
